
Microsoft Visual Studio Solution File, Format Version 12.00
# Visual Studio 14
VisualStudioVersion = 14.0.25420.1
MinimumVisualStudioVersion = 10.0.40219.1
Project("{8BC9CEB8-8B4A-11D0-8D11-00A0C91BC942}") = "intakeAssignment", "intakeAssignment\intakeAssignment.vcxproj", "{04A7EA57-7D35-410E-B97B-F56A5DB63B4F}"
	ProjectSection(ProjectDependencies) = postProject
		{A7316614-8098-4AAC-876B-C01215379DD0} = {A7316614-8098-4AAC-876B-C01215379DD0}
	EndProjectSection
EndProject
Project("{8BC9CEB8-8B4A-11D0-8D11-00A0C91BC942}") = "csframework", "csframework\csframework\csframework.vcxproj", "{A7316614-8098-4AAC-876B-C01215379DD0}"
	ProjectSection(ProjectDependencies) = postProject
		{98400D17-43A5-1A40-95BE-C53AC78E7694} = {98400D17-43A5-1A40-95BE-C53AC78E7694}
	EndProjectSection
EndProject
Project("{8BC9CEB8-8B4A-11D0-8D11-00A0C91BC942}") = "Box2D", "..\external\Box2D\Box2D\Box2D.vcxproj", "{98400D17-43A5-1A40-95BE-C53AC78E7694}"
EndProject
Global
	GlobalSection(SolutionConfigurationPlatforms) = preSolution
		Debug|x86 = Debug|x86
		Release|x86 = Release|x86
	EndGlobalSection
	GlobalSection(ProjectConfigurationPlatforms) = postSolution
		{04A7EA57-7D35-410E-B97B-F56A5DB63B4F}.Debug|x86.ActiveCfg = Debug|Win32
		{04A7EA57-7D35-410E-B97B-F56A5DB63B4F}.Debug|x86.Build.0 = Debug|Win32
		{04A7EA57-7D35-410E-B97B-F56A5DB63B4F}.Release|x86.ActiveCfg = Release|Win32
		{04A7EA57-7D35-410E-B97B-F56A5DB63B4F}.Release|x86.Build.0 = Release|Win32
		{A7316614-8098-4AAC-876B-C01215379DD0}.Debug|x86.ActiveCfg = Debug|Win32
		{A7316614-8098-4AAC-876B-C01215379DD0}.Debug|x86.Build.0 = Debug|Win32
		{A7316614-8098-4AAC-876B-C01215379DD0}.Release|x86.ActiveCfg = Release|Win32
		{A7316614-8098-4AAC-876B-C01215379DD0}.Release|x86.Build.0 = Release|Win32
		{98400D17-43A5-1A40-95BE-C53AC78E7694}.Debug|x86.ActiveCfg = Debug|Win32
		{98400D17-43A5-1A40-95BE-C53AC78E7694}.Debug|x86.Build.0 = Debug|Win32
		{98400D17-43A5-1A40-95BE-C53AC78E7694}.Release|x86.ActiveCfg = Release|Win32
		{98400D17-43A5-1A40-95BE-C53AC78E7694}.Release|x86.Build.0 = Release|Win32
	EndGlobalSection
	GlobalSection(SolutionProperties) = preSolution
		HideSolutionNode = FALSE
	EndGlobalSection
EndGlobal
